
Microsoft Visual Studio Solution File, Format Version 12.00
# Visual Studio Version 16
VisualStudioVersion = 16.0.34031.81
MinimumVisualStudioVersion = 10.0.40219.1
Project("{FAE04EC0-301F-11D3-BF4B-00C04F79EFBC}") = "BanhMinhTai_KT_GIUAKI", "BanhMinhTai_KT_GIUAKI\BanhMinhTai_KT_GIUAKI.csproj", "{4287C46C-9545-4DEC-8688-103588EE56E0}"
EndProject
Global
	GlobalSection(SolutionConfigurationPlatforms) = preSolution
		Debug|Any CPU = Debug|Any CPU
		Release|Any CPU = Release|Any CPU
	EndGlobalSection
	GlobalSection(ProjectConfigurationPlatforms) = postSolution
		{4287C46C-9545-4DEC-8688-103588EE56E0}.Debug|Any CPU.ActiveCfg = Debug|Any CPU
		{4287C46C-9545-4DEC-8688-103588EE56E0}.Debug|Any CPU.Build.0 = Debug|Any CPU
		{4287C46C-9545-4DEC-8688-103588EE56E0}.Release|Any CPU.ActiveCfg = Release|Any CPU
		{4287C46C-9545-4DEC-8688-103588EE56E0}.Release|Any CPU.Build.0 = Release|Any CPU
	EndGlobalSection
	GlobalSection(SolutionProperties) = preSolution
		HideSolutionNode = FALSE
	EndGlobalSection
	GlobalSection(ExtensibilityGlobals) = postSolution
		SolutionGuid = {6D4DD718-639C-4BC9-861F-3FF645F50C38}
	EndGlobalSection
EndGlobal
